{
  "version": 4,
  "terraform_version": "1.15.8",
  "serial": 9,
  "lineage": "21a58657-91e3-f544-873a-81baf5ab2a1a",
  "outputs": {
    "public_ip_address": {
      "value": "172.198.71.220",
      "type": "string"
    }
  },
  "resources": [
    {
      "mode": "managed",
      "type": "azurerm_linux_virtual_machine",
      "name": "vm",
      "provider": "provider[\"registry.terraform.io/hashicorp/azurerm\"]",
      "instances": [
        {
          "schema_version": 0,
          "attributes": {
            "additional_capabilities": [],
            "admin_password": null,
            "admin_ssh_key": [
              {
                "public_key": "ssh-rsa AAAAB3NzaC1yc2EAAAADAQABAAACAQDWOhv2Ya1Dy/GhTOlSL7x8AjhDRNC9tEIXe8i7Qb9AsW4JjMZIfwETBEOcFILkul70klSAVSyl0wFba7zQ2cOA4+59MRXjWMmf6uh71UgLYdcFDeecwbOBd4+HgcPSevfD8kphQRLcX4jbhxj2EnCkcQRsKUWTt5wRZq47BZNqsz5MzPRqUTmE3zAjotphnYQTSsxQOKILGJ4MtI2ZHuVEB3t7qOZ0sbNdEGEj9gBlBj18JMeMFb/fOKKhRLaJ/5NbUl2P27b7aVxyH15kQATlhvVGN4vptEBbd3jBhgyNlPPv9SppWt6fG95ulZXM4Cdmcu1UEgJOAsD5Xi9zpZWXg/JzfX02W3GeqPyD9FXNbxO8NVOwT/mMHh9Hii8TJ/QkaPKwxjHx3OJXz3BMyKmKW+9tKLpH1TytQrOhX6hjHlhfq9acCCP1PBnAijn+gR82HqK0QsqPtXvjud2xRx3+7plcNIQiHYn/hXb4Go+Qw4tkwAyFfzoJI9nyS07KzfHM2k7T5AQQOklqgf9Vg2te+4+Zg0xejoosk7pato8Hs3gSsySyQfpWnyWj7+jaUlzYo74AQoXptPWQdvI7/PMfu/PT4pO8koKVGcO7oO8eq05+dPds5y6Zj2/TJo1V8vdRpjd34uFmjUwmF1mMvwrk0CeZxiq85l0l4HH3Jdc6Yw== tajudeen saheed@DESKTOP-9ECVDCM\r\n",
                "username": "azureuser"
              }
            ],
            "admin_username": "azureuser",
            "allow_extension_operations": true,
            "availability_set_id": "",
            "boot_diagnostics": [],
            "bypass_platform_safety_checks_on_user_schedule_enabled": false,
            "capacity_reservation_group_id": "",
            "computer_name": "vm-sme-app-tf",
            "custom_data": "I2Nsb3VkLWNvbmZpZw0KcGFja2FnZV91cGRhdGU6IHRydWUNCnBhY2thZ2VfdXBncmFkZTogdHJ1ZQ0KcGFja2FnZXM6DQogIC0gYXBhY2hlMg0KICAtIHBocA0KICAtIGxpYmFwYWNoZTItbW9kLXBocA0KICAtIHBocC1teXNxbA0KICAtIG15c3FsLXNlcnZlcg0KICAtIHVuemlwDQpydW5jbWQ6DQogIC0gc3lzdGVtY3RsIGVuYWJsZSBhcGFjaGUyDQogIC0gc3lzdGVtY3RsIGVuYWJsZSBteXNxbA0KICAtIHVmdyBhbGxvdyBPcGVuU1NIDQogIC0gdWZ3IGFsbG93ICJBcGFjaGUgRnVsbCINCiAgLSB1ZncgLS1mb3JjZSBlbmFibGUNCiAgLSBteXNxbCAtZSAiQ1JFQVRFIERBVEFCQVNFIHNtZV9hcHA7Ig0KICAtIGNob3duIC1SIHd3dy1kYXRhOnd3dy1kYXRhIC92YXIvd3d3L2h0bWwNCg==",
            "dedicated_host_group_id": "",
            "dedicated_host_id": "",
            "disable_password_authentication": true,
            "disk_controller_type": "SCSI",
            "edge_zone": "",
            "encryption_at_host_enabled": false,
            "eviction_policy": "",
            "extensions_time_budget": "PT1H30M",
            "gallery_application": [],
            "id": "/subscriptions/2c024d33-337b-4599-b60f-f277b318c5a1/resourceGroups/rg-sme-migration-tf/providers/Microsoft.Compute/virtualMachines/vm-sme-app-tf",
            "identity": [],
            "license_type": "",
            "location": "indiasouthcentral",
            "max_bid_price": -1,
            "name": "vm-sme-app-tf",
            "network_interface_ids": [
              "/subscriptions/2c024d33-337b-4599-b60f-f277b318c5a1/resourceGroups/rg-sme-migration-tf/providers/Microsoft.Network/networkInterfaces/nic-sme-app-tf"
            ],
            "os_disk": [
              {
                "caching": "ReadWrite",
                "diff_disk_settings": [],
                "disk_encryption_set_id": "",
                "disk_size_gb": 30,
                "name": "vm-sme-app-tf_OsDisk_1_06f9c0391c92438396f293b4fe971464",
                "secure_vm_disk_encryption_set_id": "",
                "security_encryption_type": "",
                "storage_account_type": "Standard_LRS",
                "write_accelerator_enabled": false
              }
            ],
            "os_image_notification": [],
            "patch_assessment_mode": "ImageDefault",
            "patch_mode": "ImageDefault",
            "plan": [],
            "platform_fault_domain": -1,
            "priority": "Regular",
            "private_ip_address": "10.1.1.4",
            "private_ip_addresses": [
              "10.1.1.4"
            ],
            "provision_vm_agent": true,
            "proximity_placement_group_id": "",
            "public_ip_address": "172.198.71.220",
            "public_ip_addresses": [
              "172.198.71.220"
            ],
            "reboot_setting": "",
            "resource_group_name": "rg-sme-migration-tf",
            "secret": [],
            "secure_boot_enabled": false,
            "size": "Standard_B1s",
            "source_image_id": "",
            "source_image_reference": [
              {
                "offer": "0001-com-ubuntu-server-jammy",
                "publisher": "Canonical",
                "sku": "22_04-lts-gen2",
                "version": "latest"
              }
            ],
            "tags": null,
            "termination_notification": null,
            "timeouts": null,
            "user_data": "",
            "virtual_machine_id": "8a49ee5c-9242-4cfb-9a7c-d62fa0c87604",
            "virtual_machine_scale_set_id": "",
            "vm_agent_platform_updates_enabled": false,
            "vtpm_enabled": false,
            "zone": ""
          },
          "sensitive_attributes": [
            [
              {
                "type": "get_attr",
                "value": "admin_password"
              }
            ],
            [
              {
                "type": "get_attr",
                "value": "custom_data"
              }
            ]
          ],
          "identity_schema_version": 0,
          "private": "eyJlMmJmYjczMC1lY2FhLTExZTYtOGY4OC0zNDM2M2JjN2M0YzAiOnsiY3JlYXRlIjoyNzAwMDAwMDAwMDAwLCJkZWxldGUiOjI3MDAwMDAwMDAwMDAsInJlYWQiOjMwMDAwMDAwMDAwMCwidXBkYXRlIjoyNzAwMDAwMDAwMDAwfX0=",
          "dependencies": [
            "azurerm_network_interface.nic",
            "azurerm_public_ip.pip",
            "azurerm_resource_group.rg",
            "azurerm_subnet.subnet",
            "azurerm_virtual_network.vnet"
          ]
        }
      ]
    },
    {
      "mode": "managed",
      "type": "azurerm_network_interface",
      "name": "nic",
      "provider": "provider[\"registry.terraform.io/hashicorp/azurerm\"]",
      "instances": [
        {
          "schema_version": 0,
          "attributes": {
            "accelerated_networking_enabled": false,
            "applied_dns_servers": [],
            "auxiliary_mode": "",
            "auxiliary_sku": "",
            "dns_servers": [],
            "edge_zone": "",
            "enable_accelerated_networking": false,
            "enable_ip_forwarding": false,
            "id": "/subscriptions/2c024d33-337b-4599-b60f-f277b318c5a1/resourceGroups/rg-sme-migration-tf/providers/Microsoft.Network/networkInterfaces/nic-sme-app-tf",
            "internal_dns_name_label": "",
            "internal_domain_name_suffix": "5gw0b4iznyfu1gfkawn5k2ohrd.hydx.internal.cloudapp.net",
            "ip_configuration": [
              {
                "gateway_load_balancer_frontend_ip_configuration_id": "",
                "name": "internal",
                "primary": true,
                "private_ip_address": "10.1.1.4",
                "private_ip_address_allocation": "Dynamic",
                "private_ip_address_version": "IPv4",
                "public_ip_address_id": "/subscriptions/2c024d33-337b-4599-b60f-f277b318c5a1/resourceGroups/rg-sme-migration-tf/providers/Microsoft.Network/publicIPAddresses/vm-sme-app-tf-pip",
                "subnet_id": "/subscriptions/2c024d33-337b-4599-b60f-f277b318c5a1/resourceGroups/rg-sme-migration-tf/providers/Microsoft.Network/virtualNetworks/vnet-sme-tf/subnets/subnet-app"
              }
            ],
            "ip_forwarding_enabled": false,
            "location": "indiasouthcentral",
            "mac_address": "",
            "name": "nic-sme-app-tf",
            "private_ip_address": "10.1.1.4",
            "private_ip_addresses": [
              "10.1.1.4"
            ],
            "resource_group_name": "rg-sme-migration-tf",
            "tags": null,
            "timeouts": null,
            "virtual_machine_id": ""
          },
          "sensitive_attributes": [],
          "identity_schema_version": 0,
          "private": "eyJlMmJmYjczMC1lY2FhLTExZTYtOGY4OC0zNDM2M2JjN2M0YzAiOnsiY3JlYXRlIjoxODAwMDAwMDAwMDAwLCJkZWxldGUiOjE4MDAwMDAwMDAwMDAsInJlYWQiOjMwMDAwMDAwMDAwMCwidXBkYXRlIjoxODAwMDAwMDAwMDAwfX0=",
          "dependencies": [
            "azurerm_public_ip.pip",
            "azurerm_resource_group.rg",
            "azurerm_subnet.subnet",
            "azurerm_virtual_network.vnet"
          ]
        }
      ]
    },
    {
      "mode": "managed",
      "type": "azurerm_network_interface_security_group_association",
      "name": "assoc",
      "provider": "provider[\"registry.terraform.io/hashicorp/azurerm\"]",
      "instances": [
        {
          "schema_version": 0,
          "attributes": {
            "id": "/subscriptions/2c024d33-337b-4599-b60f-f277b318c5a1/resourceGroups/rg-sme-migration-tf/providers/Microsoft.Network/networkInterfaces/nic-sme-app-tf|/subscriptions/2c024d33-337b-4599-b60f-f277b318c5a1/resourceGroups/rg-sme-migration-tf/providers/Microsoft.Network/networkSecurityGroups/nsg-sme-app-se",
            "network_interface_id": "/subscriptions/2c024d33-337b-4599-b60f-f277b318c5a1/resourceGroups/rg-sme-migration-tf/providers/Microsoft.Network/networkInterfaces/nic-sme-app-tf",
            "network_security_group_id": "/subscriptions/2c024d33-337b-4599-b60f-f277b318c5a1/resourceGroups/rg-sme-migration-tf/providers/Microsoft.Network/networkSecurityGroups/nsg-sme-app-se",
            "timeouts": null
          },
          "sensitive_attributes": [],
          "identity_schema_version": 0,
          "private": "eyJlMmJmYjczMC1lY2FhLTExZTYtOGY4OC0zNDM2M2JjN2M0YzAiOnsiY3JlYXRlIjoxODAwMDAwMDAwMDAwLCJkZWxldGUiOjE4MDAwMDAwMDAwMDAsInJlYWQiOjMwMDAwMDAwMDAwMH19",
          "dependencies": [
            "azurerm_network_interface.nic",
            "azurerm_network_security_group.nsg",
            "azurerm_public_ip.pip",
            "azurerm_resource_group.rg",
            "azurerm_subnet.subnet",
            "azurerm_virtual_network.vnet"
          ]
        }
      ]
    },
    {
      "mode": "managed",
      "type": "azurerm_network_security_group",
      "name": "nsg",
      "provider": "provider[\"registry.terraform.io/hashicorp/azurerm\"]",
      "instances": [
        {
          "schema_version": 0,
          "attributes": {
            "id": "/subscriptions/2c024d33-337b-4599-b60f-f277b318c5a1/resourceGroups/rg-sme-migration-tf/providers/Microsoft.Network/networkSecurityGroups/nsg-sme-app-se",
            "location": "indiasouthcentral",
            "name": "nsg-sme-app-se",
            "resource_group_name": "rg-sme-migration-tf",
            "security_rule": [
              {
                "access": "Allow",
                "description": "",
                "destination_address_prefix": "*",
                "destination_address_prefixes": [],
                "destination_application_security_group_ids": [],
                "destination_port_range": "22",
                "destination_port_ranges": [],
                "direction": "Inbound",
                "name": "Allow-SSH",
                "priority": 100,
                "protocol": "Tcp",
                "source_address_prefix": "102.89.68.72/32",
                "source_address_prefixes": [],
                "source_application_security_group_ids": [],
                "source_port_range": "*",
                "source_port_ranges": []
              },
              {
                "access": "Allow",
                "description": "",
                "destination_address_prefix": "*",
                "destination_address_prefixes": [],
                "destination_application_security_group_ids": [],
                "destination_port_range": "443",
                "destination_port_ranges": [],
                "direction": "Inbound",
                "name": "Allow-HTTPS",
                "priority": 120,
                "protocol": "Tcp",
                "source_address_prefix": "*",
                "source_address_prefixes": [],
                "source_application_security_group_ids": [],
                "source_port_range": "*",
                "source_port_ranges": []
              },
              {
                "access": "Allow",
                "description": "",
                "destination_address_prefix": "*",
                "destination_address_prefixes": [],
                "destination_application_security_group_ids": [],
                "destination_port_range": "80",
                "destination_port_ranges": [],
                "direction": "Inbound",
                "name": "Allow-HTTP",
                "priority": 110,
                "protocol": "Tcp",
                "source_address_prefix": "*",
                "source_address_prefixes": [],
                "source_application_security_group_ids": [],
                "source_port_range": "*",
                "source_port_ranges": []
              }
            ],
            "tags": null,
            "timeouts": null
          },
          "sensitive_attributes": [],
          "identity_schema_version": 0,
          "private": "eyJlMmJmYjczMC1lY2FhLTExZTYtOGY4OC0zNDM2M2JjN2M0YzAiOnsiY3JlYXRlIjoxODAwMDAwMDAwMDAwLCJkZWxldGUiOjE4MDAwMDAwMDAwMDAsInJlYWQiOjMwMDAwMDAwMDAwMCwidXBkYXRlIjoxODAwMDAwMDAwMDAwfX0=",
          "dependencies": [
            "azurerm_resource_group.rg"
          ]
        }
      ]
    },
    {
      "mode": "managed",
      "type": "azurerm_public_ip",
      "name": "pip",
      "provider": "provider[\"registry.terraform.io/hashicorp/azurerm\"]",
      "instances": [
        {
          "schema_version": 0,
          "attributes": {
            "allocation_method": "Static",
            "ddos_protection_mode": "VirtualNetworkInherited",
            "ddos_protection_plan_id": null,
            "domain_name_label": null,
            "edge_zone": "",
            "fqdn": null,
            "id": "/subscriptions/2c024d33-337b-4599-b60f-f277b318c5a1/resourceGroups/rg-sme-migration-tf/providers/Microsoft.Network/publicIPAddresses/vm-sme-app-tf-pip",
            "idle_timeout_in_minutes": 4,
            "ip_address": "172.198.71.220",
            "ip_tags": null,
            "ip_version": "IPv4",
            "location": "indiasouthcentral",
            "name": "vm-sme-app-tf-pip",
            "public_ip_prefix_id": null,
            "resource_group_name": "rg-sme-migration-tf",
            "reverse_fqdn": null,
            "sku": "Standard",
            "sku_tier": "Regional",
            "tags": null,
            "timeouts": null,
            "zones": null
          },
          "sensitive_attributes": [],
          "identity_schema_version": 0,
          "private": "eyJlMmJmYjczMC1lY2FhLTExZTYtOGY4OC0zNDM2M2JjN2M0YzAiOnsiY3JlYXRlIjoxODAwMDAwMDAwMDAwLCJkZWxldGUiOjE4MDAwMDAwMDAwMDAsInJlYWQiOjMwMDAwMDAwMDAwMCwidXBkYXRlIjoxODAwMDAwMDAwMDAwfX0=",
          "dependencies": [
            "azurerm_resource_group.rg"
          ]
        }
      ]
    },
    {
      "mode": "managed",
      "type": "azurerm_resource_group",
      "name": "rg",
      "provider": "provider[\"registry.terraform.io/hashicorp/azurerm\"]",
      "instances": [
        {
          "schema_version": 0,
          "attributes": {
            "id": "/subscriptions/2c024d33-337b-4599-b60f-f277b318c5a1/resourceGroups/rg-sme-migration-tf",
            "location": "indiasouthcentral",
            "managed_by": "",
            "name": "rg-sme-migration-tf",
            "tags": null,
            "timeouts": null
          },
          "sensitive_attributes": [],
          "identity_schema_version": 0,
          "private": "eyJlMmJmYjczMC1lY2FhLTExZTYtOGY4OC0zNDM2M2JjN2M0YzAiOnsiY3JlYXRlIjo1NDAwMDAwMDAwMDAwLCJkZWxldGUiOjU0MDAwMDAwMDAwMDAsInJlYWQiOjMwMDAwMDAwMDAwMCwidXBkYXRlIjo1NDAwMDAwMDAwMDAwfX0="
        }
      ]
    },
    {
      "mode": "managed",
      "type": "azurerm_subnet",
      "name": "subnet",
      "provider": "provider[\"registry.terraform.io/hashicorp/azurerm\"]",
      "instances": [
        {
          "schema_version": 0,
          "attributes": {
            "address_prefixes": [
              "10.1.1.0/24"
            ],
            "default_outbound_access_enabled": true,
            "delegation": [],
            "enforce_private_link_endpoint_network_policies": false,
            "enforce_private_link_service_network_policies": false,
            "id": "/subscriptions/2c024d33-337b-4599-b60f-f277b318c5a1/resourceGroups/rg-sme-migration-tf/providers/Microsoft.Network/virtualNetworks/vnet-sme-tf/subnets/subnet-app",
            "name": "subnet-app",
            "private_endpoint_network_policies": "Enabled",
            "private_endpoint_network_policies_enabled": true,
            "private_link_service_network_policies_enabled": true,
            "resource_group_name": "rg-sme-migration-tf",
            "service_endpoint_policy_ids": null,
            "service_endpoints": null,
            "timeouts": null,
            "virtual_network_name": "vnet-sme-tf"
          },
          "sensitive_attributes": [],
          "identity_schema_version": 0,
          "private": "eyJlMmJmYjczMC1lY2FhLTExZTYtOGY4OC0zNDM2M2JjN2M0YzAiOnsiY3JlYXRlIjoxODAwMDAwMDAwMDAwLCJkZWxldGUiOjE4MDAwMDAwMDAwMDAsInJlYWQiOjMwMDAwMDAwMDAwMCwidXBkYXRlIjoxODAwMDAwMDAwMDAwfX0=",
          "dependencies": [
            "azurerm_resource_group.rg",
            "azurerm_virtual_network.vnet"
          ]
        }
      ]
    },
    {
      "mode": "managed",
      "type": "azurerm_virtual_network",
      "name": "vnet",
      "provider": "provider[\"registry.terraform.io/hashicorp/azurerm\"]",
      "instances": [
        {
          "schema_version": 0,
          "attributes": {
            "address_space": [
              "10.1.0.0/16"
            ],
            "bgp_community": "",
            "ddos_protection_plan": [],
            "dns_servers": [],
            "edge_zone": "",
            "encryption": [],
            "flow_timeout_in_minutes": 0,
            "guid": "f9a0adf9-6e19-4d0b-98aa-059bf571c78b",
            "id": "/subscriptions/2c024d33-337b-4599-b60f-f277b318c5a1/resourceGroups/rg-sme-migration-tf/providers/Microsoft.Network/virtualNetworks/vnet-sme-tf",
            "location": "indiasouthcentral",
            "name": "vnet-sme-tf",
            "resource_group_name": "rg-sme-migration-tf",
            "subnet": [],
            "tags": null,
            "timeouts": null
          },
          "sensitive_attributes": [],
          "identity_schema_version": 0,
          "private": "eyJlMmJmYjczMC1lY2FhLTExZTYtOGY4OC0zNDM2M2JjN2M0YzAiOnsiY3JlYXRlIjoxODAwMDAwMDAwMDAwLCJkZWxldGUiOjE4MDAwMDAwMDAwMDAsInJlYWQiOjMwMDAwMDAwMDAwMCwidXBkYXRlIjoxODAwMDAwMDAwMDAwfX0=",
          "dependencies": [
            "azurerm_resource_group.rg"
          ]
        }
      ]
    }
  ],
  "check_results": null
}
